
Microsoft Visual Studio Solution File, Format Version 12.00
# Visual Studio 14
VisualStudioVersion = 14.0.25123.0
MinimumVisualStudioVersion = 10.0.40219.1
Project("{FAE04EC0-301F-11D3-BF4B-00C04F79EFBC}") = "DemoAzureGitHub", "DemoAzureGitHub\DemoAzureGitHub.csproj", "{443B5201-3D7E-44B9-837D-DD0F84079600}"
EndProject
Project("{FAE04EC0-301F-11D3-BF4B-00C04F79EFBC}") = "DemoAzureGitHub.Tests", "DemoAzureGitHub.Tests\DemoAzureGitHub.Tests.csproj", "{F9C22BFC-2EA8-477F-9057-5CE6E3F9B183}"
EndProject
Project("{FAE04EC0-301F-11D3-BF4B-00C04F79EFBC}") = "WcfServiceDemoAzure", "WcfServiceDemoAzure\WcfServiceDemoAzure.csproj", "{06D94A2D-A116-42BD-B8FF-3EEE24110DEC}"
EndProject
Global
	GlobalSection(SolutionConfigurationPlatforms) = preSolution
		Debug|Any CPU = Debug|Any CPU
		Release|Any CPU = Release|Any CPU
	EndGlobalSection
	GlobalSection(ProjectConfigurationPlatforms) = postSolution
		{443B5201-3D7E-44B9-837D-DD0F84079600}.Debug|Any CPU.ActiveCfg = Debug|Any CPU
		{443B5201-3D7E-44B9-837D-DD0F84079600}.Debug|Any CPU.Build.0 = Debug|Any CPU
		{443B5201-3D7E-44B9-837D-DD0F84079600}.Release|Any CPU.ActiveCfg = Release|Any CPU
		{443B5201-3D7E-44B9-837D-DD0F84079600}.Release|Any CPU.Build.0 = Release|Any CPU
		{F9C22BFC-2EA8-477F-9057-5CE6E3F9B183}.Debug|Any CPU.ActiveCfg = Debug|Any CPU
		{F9C22BFC-2EA8-477F-9057-5CE6E3F9B183}.Debug|Any CPU.Build.0 = Debug|Any CPU
		{F9C22BFC-2EA8-477F-9057-5CE6E3F9B183}.Release|Any CPU.ActiveCfg = Release|Any CPU
		{F9C22BFC-2EA8-477F-9057-5CE6E3F9B183}.Release|Any CPU.Build.0 = Release|Any CPU
		{06D94A2D-A116-42BD-B8FF-3EEE24110DEC}.Debug|Any CPU.ActiveCfg = Debug|Any CPU
		{06D94A2D-A116-42BD-B8FF-3EEE24110DEC}.Debug|Any CPU.Build.0 = Debug|Any CPU
		{06D94A2D-A116-42BD-B8FF-3EEE24110DEC}.Release|Any CPU.ActiveCfg = Release|Any CPU
		{06D94A2D-A116-42BD-B8FF-3EEE24110DEC}.Release|Any CPU.Build.0 = Release|Any CPU
	EndGlobalSection
	GlobalSection(SolutionProperties) = preSolution
		HideSolutionNode = FALSE
	EndGlobalSection
EndGlobal
